
Microsoft Visual Studio Solution File, Format Version 12.00
# Visual Studio Version 17
VisualStudioVersion = 17.2.32602.215
MinimumVisualStudioVersion = 10.0.40219.1
Project("{FAE04EC0-301F-11D3-BF4B-00C04F79EFBC}") = "Prakt11", "Prakt11.csproj", "{B8868E6E-B4B9-414F-AC9D-9299AB70D1B1}"
EndProject
Global
	GlobalSection(SolutionConfigurationPlatforms) = preSolution
		Debug|Any CPU = Debug|Any CPU
		Release|Any CPU = Release|Any CPU
	EndGlobalSection
	GlobalSection(ProjectConfigurationPlatforms) = postSolution
		{B8868E6E-B4B9-414F-AC9D-9299AB70D1B1}.Debug|Any CPU.ActiveCfg = Debug|Any CPU
		{B8868E6E-B4B9-414F-AC9D-9299AB70D1B1}.Debug|Any CPU.Build.0 = Debug|Any CPU
		{B8868E6E-B4B9-414F-AC9D-9299AB70D1B1}.Release|Any CPU.ActiveCfg = Release|Any CPU
		{B8868E6E-B4B9-414F-AC9D-9299AB70D1B1}.Release|Any CPU.Build.0 = Release|Any CPU
	EndGlobalSection
	GlobalSection(SolutionProperties) = preSolution
		HideSolutionNode = FALSE
	EndGlobalSection
	GlobalSection(ExtensibilityGlobals) = postSolution
		SolutionGuid = {0813EDBF-5F6C-474D-B65F-52ED37A3E141}
	EndGlobalSection
EndGlobal
